
Microsoft Visual Studio Solution File, Format Version 12.00
Project("{FAE04EC0-301F-11D3-BF4B-00C04F79EFBC}") = "CoalitionBank.API", "CoalitionBank.API\CoalitionBank.API.csproj", "{73F6FF69-DFD2-46F8-94DE-9D0D1952681A}"
EndProject
Project("{FAE04EC0-301F-11D3-BF4B-00C04F79EFBC}") = "CoalitionBank.Common", "CoalitionBank.Common\CoalitionBank.Common.csproj", "{8EA0BFAA-B875-4701-B6E5-0DA4977B84A5}"
EndProject
Project("{2150E333-8FDC-42A3-9474-1A3956D46DE8}") = "Clients", "Clients", "{E2711B8D-E436-487B-88DB-8CC0EBDD103E}"
EndProject
Project("{2150E333-8FDC-42A3-9474-1A3956D46DE8}") = "Services", "Services", "{FC1EEC71-6B48-4B9E-BBE0-2A80100A3649}"
EndProject
Project("{2150E333-8FDC-42A3-9474-1A3956D46DE8}") = "Core", "Core", "{EECFE59D-E605-42EE-85CC-7DCACA433865}"
EndProject
Project("{FAE04EC0-301F-11D3-BF4B-00C04F79EFBC}") = "CoalitionBank.Data", "CoalitionBank.Data\CoalitionBank.Data.csproj", "{6B2CFDB8-0C2C-434B-8418-993A482EB6F3}"
EndProject
Project("{FAE04EC0-301F-11D3-BF4B-00C04F79EFBC}") = "CoalitionBank.Services.Users", "CoalitionBank.Services.Users\CoalitionBank.Services.Users.csproj", "{2F2BCB43-9C1A-4B19-BE63-AC5D4CD9D6FE}"
EndProject
Project("{FAE04EC0-301F-11D3-BF4B-00C04F79EFBC}") = "CoalitionBank.Handlers", "CoalitionBank.Handlers\CoalitionBank.Handlers.csproj", "{F3C6F410-57FD-4BD9-BD8D-464128EB5425}"
EndProject
Project("{2150E333-8FDC-42A3-9474-1A3956D46DE8}") = "Testing", "Testing", "{2FD2EFD1-CD2C-45B0-952D-3B4AB8CC8E14}"
EndProject
Project("{FAE04EC0-301F-11D3-BF4B-00C04F79EFBC}") = "CoalitionBank.Services.Testing", "CoalitionBank.Services.Testing\CoalitionBank.Services.Testing.csproj", "{ADE608A1-FCC6-449E-9B21-D695D2CFAA31}"
EndProject
Project("{FAE04EC0-301F-11D3-BF4B-00C04F79EFBC}") = "CoalitionBank.Infrastructure", "CoalitionBank.Infrastructure\CoalitionBank.Infrastructure.csproj", "{EAAB82BE-702A-46F8-A124-07CECABFAE7D}"
EndProject
Global
	GlobalSection(SolutionConfigurationPlatforms) = preSolution
		Debug|Any CPU = Debug|Any CPU
		Release|Any CPU = Release|Any CPU
	EndGlobalSection
	GlobalSection(ProjectConfigurationPlatforms) = postSolution
		{73F6FF69-DFD2-46F8-94DE-9D0D1952681A}.Debug|Any CPU.ActiveCfg = Debug|Any CPU
		{73F6FF69-DFD2-46F8-94DE-9D0D1952681A}.Debug|Any CPU.Build.0 = Debug|Any CPU
		{73F6FF69-DFD2-46F8-94DE-9D0D1952681A}.Release|Any CPU.ActiveCfg = Release|Any CPU
		{73F6FF69-DFD2-46F8-94DE-9D0D1952681A}.Release|Any CPU.Build.0 = Release|Any CPU
		{8EA0BFAA-B875-4701-B6E5-0DA4977B84A5}.Debug|Any CPU.ActiveCfg = Debug|Any CPU
		{8EA0BFAA-B875-4701-B6E5-0DA4977B84A5}.Debug|Any CPU.Build.0 = Debug|Any CPU
		{8EA0BFAA-B875-4701-B6E5-0DA4977B84A5}.Release|Any CPU.ActiveCfg = Release|Any CPU
		{8EA0BFAA-B875-4701-B6E5-0DA4977B84A5}.Release|Any CPU.Build.0 = Release|Any CPU
		{6B2CFDB8-0C2C-434B-8418-993A482EB6F3}.Debug|Any CPU.ActiveCfg = Debug|Any CPU
		{6B2CFDB8-0C2C-434B-8418-993A482EB6F3}.Debug|Any CPU.Build.0 = Debug|Any CPU
		{6B2CFDB8-0C2C-434B-8418-993A482EB6F3}.Release|Any CPU.ActiveCfg = Release|Any CPU
		{6B2CFDB8-0C2C-434B-8418-993A482EB6F3}.Release|Any CPU.Build.0 = Release|Any CPU
		{2F2BCB43-9C1A-4B19-BE63-AC5D4CD9D6FE}.Debug|Any CPU.ActiveCfg = Debug|Any CPU
		{2F2BCB43-9C1A-4B19-BE63-AC5D4CD9D6FE}.Debug|Any CPU.Build.0 = Debug|Any CPU
		{2F2BCB43-9C1A-4B19-BE63-AC5D4CD9D6FE}.Release|Any CPU.ActiveCfg = Release|Any CPU
		{2F2BCB43-9C1A-4B19-BE63-AC5D4CD9D6FE}.Release|Any CPU.Build.0 = Release|Any CPU
		{F3C6F410-57FD-4BD9-BD8D-464128EB5425}.Debug|Any CPU.ActiveCfg = Debug|Any CPU
		{F3C6F410-57FD-4BD9-BD8D-464128EB5425}.Debug|Any CPU.Build.0 = Debug|Any CPU
		{F3C6F410-57FD-4BD9-BD8D-464128EB5425}.Release|Any CPU.ActiveCfg = Release|Any CPU
		{F3C6F410-57FD-4BD9-BD8D-464128EB5425}.Release|Any CPU.Build.0 = Release|Any CPU
		{ADE608A1-FCC6-449E-9B21-D695D2CFAA31}.Debug|Any CPU.ActiveCfg = Debug|Any CPU
		{ADE608A1-FCC6-449E-9B21-D695D2CFAA31}.Debug|Any CPU.Build.0 = Debug|Any CPU
		{ADE608A1-FCC6-449E-9B21-D695D2CFAA31}.Release|Any CPU.ActiveCfg = Release|Any CPU
		{ADE608A1-FCC6-449E-9B21-D695D2CFAA31}.Release|Any CPU.Build.0 = Release|Any CPU
		{EAAB82BE-702A-46F8-A124-07CECABFAE7D}.Debug|Any CPU.ActiveCfg = Debug|Any CPU
		{EAAB82BE-702A-46F8-A124-07CECABFAE7D}.Debug|Any CPU.Build.0 = Debug|Any CPU
		{EAAB82BE-702A-46F8-A124-07CECABFAE7D}.Release|Any CPU.ActiveCfg = Release|Any CPU
		{EAAB82BE-702A-46F8-A124-07CECABFAE7D}.Release|Any CPU.Build.0 = Release|Any CPU
	EndGlobalSection
	GlobalSection(NestedProjects) = preSolution
		{73F6FF69-DFD2-46F8-94DE-9D0D1952681A} = {E2711B8D-E436-487B-88DB-8CC0EBDD103E}
		{8EA0BFAA-B875-4701-B6E5-0DA4977B84A5} = {EECFE59D-E605-42EE-85CC-7DCACA433865}
		{6B2CFDB8-0C2C-434B-8418-993A482EB6F3} = {EECFE59D-E605-42EE-85CC-7DCACA433865}
		{2F2BCB43-9C1A-4B19-BE63-AC5D4CD9D6FE} = {FC1EEC71-6B48-4B9E-BBE0-2A80100A3649}
		{F3C6F410-57FD-4BD9-BD8D-464128EB5425} = {EECFE59D-E605-42EE-85CC-7DCACA433865}
		{2FD2EFD1-CD2C-45B0-952D-3B4AB8CC8E14} = {FC1EEC71-6B48-4B9E-BBE0-2A80100A3649}
		{ADE608A1-FCC6-449E-9B21-D695D2CFAA31} = {2FD2EFD1-CD2C-45B0-952D-3B4AB8CC8E14}
		{EAAB82BE-702A-46F8-A124-07CECABFAE7D} = {EECFE59D-E605-42EE-85CC-7DCACA433865}
	EndGlobalSection
EndGlobal
